
Microsoft Visual Studio Solution File, Format Version 12.00
Project("{FAE04EC0-301F-11D3-BF4B-00C04F79EFBC}") = "Lab2_1", "Lab2_1\Lab2_1.csproj", "{96553587-7342-4528-9D17-20960CA0137D}"
EndProject
Project("{FAE04EC0-301F-11D3-BF4B-00C04F79EFBC}") = "Lab2_2", "Lab2_2\Lab2_2.csproj", "{9BF36A36-0A3F-430A-BA3D-BBA3C7E873F7}"
EndProject
Project("{2150E333-8FDC-42A3-9474-1A3956D46DE8}") = "Lab3", "Lab3", "{53FF4BB4-AB36-40B8-80D8-26888534103A}"
EndProject
Project("{FAE04EC0-301F-11D3-BF4B-00C04F79EFBC}") = "Lab3_3", "Lab3_3\Lab3_3.csproj", "{C86EFF31-9D1A-4714-9A48-B1C7E03E45AB}"
EndProject
Global
	GlobalSection(SolutionConfigurationPlatforms) = preSolution
		Debug|Any CPU = Debug|Any CPU
		Release|Any CPU = Release|Any CPU
	EndGlobalSection
	GlobalSection(ProjectConfigurationPlatforms) = postSolution
		{96553587-7342-4528-9D17-20960CA0137D}.Debug|Any CPU.ActiveCfg = Debug|Any CPU
		{96553587-7342-4528-9D17-20960CA0137D}.Debug|Any CPU.Build.0 = Debug|Any CPU
		{96553587-7342-4528-9D17-20960CA0137D}.Release|Any CPU.ActiveCfg = Release|Any CPU
		{96553587-7342-4528-9D17-20960CA0137D}.Release|Any CPU.Build.0 = Release|Any CPU
		{9BF36A36-0A3F-430A-BA3D-BBA3C7E873F7}.Debug|Any CPU.ActiveCfg = Debug|Any CPU
		{9BF36A36-0A3F-430A-BA3D-BBA3C7E873F7}.Debug|Any CPU.Build.0 = Debug|Any CPU
		{9BF36A36-0A3F-430A-BA3D-BBA3C7E873F7}.Release|Any CPU.ActiveCfg = Release|Any CPU
		{9BF36A36-0A3F-430A-BA3D-BBA3C7E873F7}.Release|Any CPU.Build.0 = Release|Any CPU
		{C86EFF31-9D1A-4714-9A48-B1C7E03E45AB}.Debug|Any CPU.ActiveCfg = Debug|Any CPU
		{C86EFF31-9D1A-4714-9A48-B1C7E03E45AB}.Debug|Any CPU.Build.0 = Debug|Any CPU
		{C86EFF31-9D1A-4714-9A48-B1C7E03E45AB}.Release|Any CPU.ActiveCfg = Release|Any CPU
		{C86EFF31-9D1A-4714-9A48-B1C7E03E45AB}.Release|Any CPU.Build.0 = Release|Any CPU
	EndGlobalSection
	GlobalSection(NestedProjects) = preSolution
		{C86EFF31-9D1A-4714-9A48-B1C7E03E45AB} = {53FF4BB4-AB36-40B8-80D8-26888534103A}
	EndGlobalSection
EndGlobal
